{
  "nodes": {
    "flakeNimbleLib": {
      "inputs": {
        "nixpkgs": [
          "nixpkgs"
        ]
      },
      "locked": {
        "lastModified": 1647920574,
        "narHash": "sha256-D3ob5QykELhyNcTnISOkjEzLlgXltwON8Ucrz5cpiQI=",
        "owner": "riinr",
        "repo": "nim-flakes-lib",
        "rev": "bfb46a1f762002f07f9d81d93dacd544c6890623",
        "type": "github"
      },
      "original": {
        "owner": "riinr",
        "ref": "master",
        "repo": "nim-flakes-lib",
        "type": "github"
      }
    },
    "nixpkgs": {
      "locked": {
        "narHash": "sha256-sK1Ow//80EKE3bAF5d+2gB8vPXw6m5TBk3wSLHvdVe0=",
        "path": "/nix/store/0yqgkbpmsk7ck4s34wk505sfdd9vils4-source",
        "type": "path"
      },
      "original": {
        "id": "nixpkgs",
        "type": "indirect"
      }
    },
    "root": {
      "inputs": {
        "flakeNimbleLib": "flakeNimbleLib",
        "nixpkgs": "nixpkgs",
        "src-wox-master": "src-wox-master",
        "unicodeplus": "unicodeplus"
      }
    },
    "segmentation": {
      "inputs": {
        "flakeNimbleLib": [
          "unicodeplus",
          "flakeNimbleLib"
        ],
        "nixpkgs": [
          "unicodeplus",
          "nixpkgs"
        ],
        "src-segmentation-v0_1_0": "src-segmentation-v0_1_0",
        "unicodedb": "unicodedb"
      },
      "locked": {
        "dir": "v0_1_0",
        "lastModified": 1648001292,
        "narHash": "sha256-67Ipo0QY4rApoTqHfNUUXVavIf2nqU2peVcqcRyeQkA=",
        "owner": "nim-nix-pkgs",
        "repo": "segmentation",
        "rev": "1f2ba1bc143e4c9f8cfcb87f574c3f611a78d98a",
        "type": "github"
      },
      "original": {
        "dir": "v0_1_0",
        "owner": "nim-nix-pkgs",
        "ref": "master",
        "repo": "segmentation",
        "type": "github"
      }
    },
    "src-segmentation-v0_1_0": {
      "flake": false,
      "locked": {
        "lastModified": 1581812128,
        "narHash": "sha256-cCWQbLh+ek4b92Gr6Qs2cCWsHfbc3PUBGRZ53lCf6wA=",
        "owner": "nitely",
        "repo": "nim-segmentation",
        "rev": "6845c68cf00c1546f49d628ae11334acba966bfb",
        "type": "github"
      },
      "original": {
        "owner": "nitely",
        "ref": "refs/tags/v0.1.0",
        "repo": "nim-segmentation",
        "type": "github"
      }
    },
    "src-unicodedb-v0_10_0": {
      "flake": false,
      "locked": {
        "lastModified": 1635061637,
        "narHash": "sha256-qt2pyiGrvJXSes+E0eubx98mrF+jTudPD6hkUXjw0/4=",
        "owner": "nitely",
        "repo": "nim-unicodedb",
        "rev": "675407fa4b6e701ebf9f94e5370ce18c3af40cc3",
        "type": "github"
      },
      "original": {
        "owner": "nitely",
        "ref": "refs/tags/v0.10.0",
        "repo": "nim-unicodedb",
        "type": "github"
      }
    },
    "src-unicodedb-v0_10_0_2": {
      "flake": false,
      "locked": {
        "lastModified": 1635061637,
        "narHash": "sha256-qt2pyiGrvJXSes+E0eubx98mrF+jTudPD6hkUXjw0/4=",
        "owner": "nitely",
        "repo": "nim-unicodedb",
        "rev": "675407fa4b6e701ebf9f94e5370ce18c3af40cc3",
        "type": "github"
      },
      "original": {
        "owner": "nitely",
        "ref": "refs/tags/v0.10.0",
        "repo": "nim-unicodedb",
        "type": "github"
      }
    },
    "src-unicodeplus-v0_8_0": {
      "flake": false,
      "locked": {
        "lastModified": 1590870378,
        "narHash": "sha256-s2OzT929iSWbQXGI6Ew/6uuHlYWZkVwsnvQ+tyP/PKA=",
        "owner": "nitely",
        "repo": "nim-unicodeplus",
        "rev": "0788d4b917d057e2b3bc96478fb087a5ad2d8c7b",
        "type": "github"
      },
      "original": {
        "owner": "nitely",
        "ref": "refs/tags/v0.8.0",
        "repo": "nim-unicodeplus",
        "type": "github"
      }
    },
    "src-wox-master": {
      "flake": false,
      "locked": {
        "lastModified": 1602791347,
        "narHash": "sha256-p505UQmN6mjXRyRC0D+M+++TeUY/8FLp0hagcLEpkbc=",
        "owner": "roose",
        "repo": "nim-wox",
        "rev": "192439d1a6ecc152c828a8f96bae798f023747d0",
        "type": "github"
      },
      "original": {
        "owner": "roose",
        "ref": "refs/heads/master",
        "repo": "nim-wox",
        "type": "github"
      }
    },
    "unicodedb": {
      "inputs": {
        "flakeNimbleLib": [
          "unicodeplus",
          "segmentation",
          "flakeNimbleLib"
        ],
        "nixpkgs": [
          "unicodeplus",
          "segmentation",
          "nixpkgs"
        ],
        "src-unicodedb-v0_10_0": "src-unicodedb-v0_10_0"
      },
      "locked": {
        "dir": "v0_10_0",
        "lastModified": 1647935045,
        "narHash": "sha256-cHQXbCGqC8UVE4u0Z7s6GIaeX2mZPYIUvJqxMzyzsKg=",
        "owner": "nim-nix-pkgs",
        "repo": "unicodedb",
        "rev": "98a5364aaf36feb89136c2cf9263e06eabbe468f",
        "type": "github"
      },
      "original": {
        "dir": "v0_10_0",
        "owner": "nim-nix-pkgs",
        "ref": "master",
        "repo": "unicodedb",
        "type": "github"
      }
    },
    "unicodedb_2": {
      "inputs": {
        "flakeNimbleLib": [
          "unicodeplus",
          "flakeNimbleLib"
        ],
        "nixpkgs": [
          "unicodeplus",
          "nixpkgs"
        ],
        "src-unicodedb-v0_10_0": "src-unicodedb-v0_10_0_2"
      },
      "locked": {
        "dir": "v0_10_0",
        "lastModified": 1647935045,
        "narHash": "sha256-cHQXbCGqC8UVE4u0Z7s6GIaeX2mZPYIUvJqxMzyzsKg=",
        "owner": "nim-nix-pkgs",
        "repo": "unicodedb",
        "rev": "98a5364aaf36feb89136c2cf9263e06eabbe468f",
        "type": "github"
      },
      "original": {
        "dir": "v0_10_0",
        "owner": "nim-nix-pkgs",
        "ref": "master",
        "repo": "unicodedb",
        "type": "github"
      }
    },
    "unicodeplus": {
      "inputs": {
        "flakeNimbleLib": [
          "flakeNimbleLib"
        ],
        "nixpkgs": [
          "nixpkgs"
        ],
        "segmentation": "segmentation",
        "src-unicodeplus-v0_8_0": "src-unicodeplus-v0_8_0",
        "unicodedb": "unicodedb_2"
      },
      "locked": {
        "dir": "v0_8_0",
        "lastModified": 1648012540,
        "narHash": "sha256-kqhU2V5JLt4d2pkXsk5Vh5a5hfqpaU3AjH3fH28sKiI=",
        "owner": "nim-nix-pkgs",
        "repo": "unicodeplus",
        "rev": "a1192c8c324f0d76f6a7a24cd5958d62dd0adc70",
        "type": "github"
      },
      "original": {
        "dir": "v0_8_0",
        "owner": "nim-nix-pkgs",
        "ref": "master",
        "repo": "unicodeplus",
        "type": "github"
      }
    }
  },
  "root": "root",
  "version": 7
}
